
Microsoft Visual Studio Solution File, Format Version 12.00
# Visual Studio 15
VisualStudioVersion = 15.0.28010.2046
MinimumVisualStudioVersion = 10.0.40219.1
Project("{FAE04EC0-301F-11D3-BF4B-00C04F79EFBC}") = "NewHistoricalSites", "NewHistoricalSites\NewHistoricalSites.csproj", "{6F825AEC-7E5C-418A-BBEF-3A288EAC1E01}"
EndProject
Global
	GlobalSection(SolutionConfigurationPlatforms) = preSolution
		Debug|Any CPU = Debug|Any CPU
		Release|Any CPU = Release|Any CPU
	EndGlobalSection
	GlobalSection(ProjectConfigurationPlatforms) = postSolution
		{6F825AEC-7E5C-418A-BBEF-3A288EAC1E01}.Debug|Any CPU.ActiveCfg = Debug|Any CPU
		{6F825AEC-7E5C-418A-BBEF-3A288EAC1E01}.Debug|Any CPU.Build.0 = Debug|Any CPU
		{6F825AEC-7E5C-418A-BBEF-3A288EAC1E01}.Release|Any CPU.ActiveCfg = Release|Any CPU
		{6F825AEC-7E5C-418A-BBEF-3A288EAC1E01}.Release|Any CPU.Build.0 = Release|Any CPU
	EndGlobalSection
	GlobalSection(SolutionProperties) = preSolution
		HideSolutionNode = FALSE
	EndGlobalSection
	GlobalSection(ExtensibilityGlobals) = postSolution
		SolutionGuid = {67BEE3F1-21A6-46BB-844F-38B6352CD6AD}
	EndGlobalSection
EndGlobal
